version: 2.0
shards:
  backtracer:
    git: https://github.com/sija/backtracer.cr.git
    version: 1.2.2

  baked_file_system:
    git: https://github.com/schovi/baked_file_system.git
    version: 0.10.0

  baked_file_system_mounter:
    git: https://github.com/crystal-china/baked_file_system_mounter.git
    version: 0.5.2

  crinja:
    git: https://github.com/straight-shoota/crinja.git
    version: 0.8.1

  exception_page:
    git: https://github.com/crystal-loot/exception_page.git
    version: 0.3.1

  hashr:
    git: https://github.com/crystal-china/hashr.git
    version: 0.3.1

  json_mapping:
    git: https://github.com/crystal-lang/json_mapping.cr.git
    version: 0.1.1

  kemal:
    git: https://github.com/kemalcr/kemal.git
    version: 1.4.0

  kemal-flash:
    git: https://github.com/crystal-china/kemal-flash.git
    version: 0.2.0

  kemal-session:
    git: https://github.com/kemalcr/kemal-session.git
    version: 1.0.0

  radix:
    git: https://github.com/luislavena/radix.git
    version: 0.4.1

